// !$*UTF8*$!
{
	archiveVersion = 1;
	classes = {
	};
	objectVersion = 46;
	objects = {

/* Begin PBXBuildFile section */
		F375DB961B22DDF0001DBE58 /* main.m in Sources */ = {isa = PBXBuildFile; fileRef = F375DB951B22DDF0001DBE58 /* main.m */; };
		F375DB991B22DDF0001DBE58 /* AppDelegate.m in Sources */ = {isa = PBXBuildFile; fileRef = F375DB981B22DDF0001DBE58 /* AppDelegate.m */; };
		F375DB9C1B22DDF0001DBE58 /* ViewController.m in Sources */ = {isa = PBXBuildFile; fileRef = F375DB9B1B22DDF0001DBE58 /* ViewController.m */; };
		F375DB9F1B22DDF0001DBE58 /* Main.storyboard in Resources */ = {isa = PBXBuildFile; fileRef = F375DB9D1B22DDF0001DBE58 /* Main.storyboard */; };
		F375DBA11B22DDF0001DBE58 /* Images.xcassets in Resources */ = {isa = PBXBuildFile; fileRef = F375DBA01B22DDF0001DBE58 /* Images.xcassets */; };
		F375DBA41B22DDF0001DBE58 /* LaunchScreen.xib in Resources */ = {isa = PBXBuildFile; fileRef = F375DBA21B22DDF0001DBE58 /* LaunchScreen.xib */; };
		F375DBB01B22DDF0001DBE58 /* GoodNightTests.m in Sources */ = {isa = PBXBuildFile; fileRef = F375DBAF1B22DDF0001DBE58 /* GoodNightTests.m */; };
/* End PBXBuildFile section */

/* Begin PBXContainerItemProxy section */
		F375DBAA1B22DDF0001DBE58 /* PBXContainerItemProxy */ = {
			isa = PBXContainerItemProxy;
			containerPortal = F375DB881B22DDF0001DBE58 /* Project object */;
			proxyType = 1;
			remoteGlobalIDString = F375DB8F1B22DDF0001DBE58;
			remoteInfo = GoodNight;
		};
/* End PBXContainerItemProxy section */

/* Begin PBXFileReference section */
		F375DB901B22DDF0001DBE58 /* GoodNight.app */ = {isa = PBXFileReference; explicitFileType = wrapper.application; includeInIndex = 0; path = GoodNight.app; sourceTree = BUILT_PRODUCTS_DIR; };
		F375DB941B22DDF0001DBE58 /* Info.plist */ = {isa = PBXFileReference; lastKnownFileType = text.plist.xml; path = Info.plist; sourceTree = "<group>"; };
		F375DB951B22DDF0001DBE58 /* main.m */ = {isa = PBXFileReference; lastKnownFileType = sourcecode.c.objc; path = main.m; sourceTree = "<group>"; };
		F375DB971B22DDF0001DBE58 /* AppDelegate.h */ = {isa = PBXFileReference; lastKnownFileType = sourcecode.c.h; path = AppDelegate.h; sourceTree = "<group>"; };
		F375DB981B22DDF0001DBE58 /* AppDelegate.m */ = {isa = PBXFileReference; lastKnownFileType = sourcecode.c.objc; path = AppDelegate.m; sourceTree = "<group>"; };
		F375DB9A1B22DDF0001DBE58 /* ViewController.h */ = {isa = PBXFileReference; lastKnownFileType = sourcecode.c.h; path = ViewController.h; sourceTree = "<group>"; };
		F375DB9B1B22DDF0001DBE58 /* ViewController.m */ = {isa = PBXFileReference; lastKnownFileType = sourcecode.c.objc; path = ViewController.m; sourceTree = "<group>"; };
		F375DB9E1B22DDF0001DBE58 /* Base */ = {isa = PBXFileReference; lastKnownFileType = file.storyboard; name = Base; path = Base.lproj/Main.storyboard; sourceTree = "<group>"; };
		F375DBA01B22DDF0001DBE58 /* Images.xcassets */ = {isa = PBXFileReference; lastKnownFileType = folder.assetcatalog; path = Images.xcassets; sourceTree = "<group>"; };
		F375DBA31B22DDF0001DBE58 /* Base */ = {isa = PBXFileReference; lastKnownFileType = file.xib; name = Base; path = Base.lproj/LaunchScreen.xib; sourceTree = "<group>"; };
		F375DBA91B22DDF0001DBE58 /* GoodNightTests.xctest */ = {isa = PBXFileReference; explicitFileType = wrapper.cfbundle; includeInIndex = 0; path = GoodNightTests.xctest; sourceTree = BUILT_PRODUCTS_DIR; };
		F375DBAE1B22DDF0001DBE58 /* Info.plist */ = {isa = PBXFileReference; lastKnownFileType = text.plist.xml; path = Info.plist; sourceTree = "<group>"; };
		F375DBAF1B22DDF0001DBE58 /* GoodNightTests.m */ = {isa = PBXFileReference; lastKnownFileType = sourcecode.c.objc; path = GoodNightTests.m; sourceTree = "<group>"; };
/* End PBXFileReference section */

/* Begin PBXFrameworksBuildPhase section */
		F375DB8D1B22DDF0001DBE58 /* Frameworks */ = {
			isa = PBXFrameworksBuildPhase;
			buildActionMask = 2147483647;
			files = (
			);
			runOnlyForDeploymentPostprocessing = 0;
		};
		F375DBA61B22DDF0001DBE58 /* Frameworks */ = {
			isa = PBXFrameworksBuildPhase;
			buildActionMask = 2147483647;
			files = (
			);
			runOnlyForDeploymentPostprocessing = 0;
		};
/* End PBXFrameworksBuildPhase section */

/* Begin PBXGroup section */
		F375DB871B22DDF0001DBE58 = {
			isa = PBXGroup;
			children = (
				F375DB921B22DDF0001DBE58 /* GoodNight */,
				F375DBAC1B22DDF0001DBE58 /* GoodNightTests */,
				F375DB911B22DDF0001DBE58 /* Products */,
			);
			sourceTree = "<group>";
		};
		F375DB911B22DDF0001DBE58 /* Products */ = {
			isa = PBXGroup;
			children = (
				F375DB901B22DDF0001DBE58 /* GoodNight.app */,
				F375DBA91B22DDF0001DBE58 /* GoodNightTests.xctest */,
			);
			name = Products;
			sourceTree = "<group>";
		};
		F375DB921B22DDF0001DBE58 /* GoodNight */ = {
			isa = PBXGroup;
			children = (
				F375DB971B22DDF0001DBE58 /* AppDelegate.h */,
				F375DB981B22DDF0001DBE58 /* AppDelegate.m */,
				F375DB9A1B22DDF0001DBE58 /* ViewController.h */,
				F375DB9B1B22DDF0001DBE58 /* ViewController.m */,
				F375DB9D1B22DDF0001DBE58 /* Main.storyboard */,
				F375DBA01B22DDF0001DBE58 /* Images.xcassets */,
				F375DBA21B22DDF0001DBE58 /* LaunchScreen.xib */,
				F375DB931B22DDF0001DBE58 /* Supporting Files */,
			);
			path = GoodNight;
			sourceTree = "<group>";
		};
		F375DB931B22DDF0001DBE58 /* Supporting Files */ = {
			isa = PBXGroup;
			children = (
				F375DB941B22DDF0001DBE58 /* Info.plist */,
				F375DB951B22DDF0001DBE58 /* main.m */,
			);
			name = "Supporting Files";
			sourceTree = "<group>";
		};
		F375DBAC1B22DDF0001DBE58 /* GoodNightTests */ = {
			isa = PBXGroup;
			children = (
				F375DBAF1B22DDF0001DBE58 /* GoodNightTests.m */,
				F375DBAD1B22DDF0001DBE58 /* Supporting Files */,
			);
			path = GoodNightTests;
			sourceTree = "<group>";
		};
		F375DBAD1B22DDF0001DBE58 /* Supporting Files */ = {
			isa = PBXGroup;
			children = (
				F375DBAE1B22DDF0001DBE58 /* Info.plist */,
			);
			name = "Supporting Files";
			sourceTree = "<group>";
		};
/* End PBXGroup section */

/* Begin PBXNativeTarget section */
		F375DB8F1B22DDF0001DBE58 /* GoodNight */ = {
			isa = PBXNativeTarget;
			buildConfigurationList = F375DBB31B22DDF0001DBE58 /* Build configuration list for PBXNativeTarget "GoodNight" */;
			buildPhases = (
				F375DB8C1B22DDF0001DBE58 /* Sources */,
				F375DB8D1B22DDF0001DBE58 /* Frameworks */,
				F375DB8E1B22DDF0001DBE58 /* Resources */,
			);
			buildRules = (
			);
			dependencies = (
			);
			name = GoodNight;
			productName = GoodNight;
			productReference = F375DB901B22DDF0001DBE58 /* GoodNight.app */;
			productType = "com.apple.product-type.application";
		};
		F375DBA81B22DDF0001DBE58 /* GoodNightTests */ = {
			isa = PBXNativeTarget;
			buildConfigurationList = F375DBB61B22DDF0001DBE58 /* Build configuration list for PBXNativeTarget "GoodNightTests" */;
			buildPhases = (
				F375DBA51B22DDF0001DBE58 /* Sources */,
				F375DBA61B22DDF0001DBE58 /* Frameworks */,
				F375DBA71B22DDF0001DBE58 /* Resources */,
			);
			buildRules = (
			);
			dependencies = (
				F375DBAB1B22DDF0001DBE58 /* PBXTargetDependency */,
			);
			name = GoodNightTests;
			productName = GoodNightTests;
			productReference = F375DBA91B22DDF0001DBE58 /* GoodNightTests.xctest */;
			productType = "com.apple.product-type.bundle.unit-test";
		};
/* End PBXNativeTarget section */

/* Begin PBXProject section */
		F375DB881B22DDF0001DBE58 /* Project object */ = {
			isa = PBXProject;
			attributes = {
				LastUpgradeCheck = 0630;
				ORGANIZATIONNAME = KeiSato;
				TargetAttributes = {
					F375DB8F1B22DDF0001DBE58 = {
						CreatedOnToolsVersion = 6.3.2;
					};
					F375DBA81B22DDF0001DBE58 = {
						CreatedOnToolsVersion = 6.3.2;
						TestTargetID = F375DB8F1B22DDF0001DBE58;
					};
				};
			};
			buildConfigurationList = F375DB8B1B22DDF0001DBE58 /* Build configuration list for PBXProject "GoodNight" */;
			compatibilityVersion = "Xcode 3.2";
			developmentRegion = English;
			hasScannedForEncodings = 0;
			knownRegions = (
				en,
				Base,
			);
			mainGroup = F375DB871B22DDF0001DBE58;
			productRefGroup = F375DB911B22DDF0001DBE58 /* Products */;
			projectDirPath = "";
			projectRoot = "";
			targets = (
				F375DB8F1B22DDF0001DBE58 /* GoodNight */,
				F375DBA81B22DDF0001DBE58 /* GoodNightTests */,
			);
		};
/* End PBXProject section */

/* Begin PBXResourcesBuildPhase section */
		F375DB8E1B22DDF0001DBE58 /* Resources */ = {
			isa = PBXResourcesBuildPhase;
			buildActionMask = 2147483647;
			files = (
				F375DB9F1B22DDF0001DBE58 /* Main.storyboard in Resources */,
				F375DBA41B22DDF0001DBE58 /* LaunchScreen.xib in Resources */,
				F375DBA11B22DDF0001DBE58 /* Images.xcassets in Resources */,
			);
			runOnlyForDeploymentPostprocessing = 0;
		};
		F375DBA71B22DDF0001DBE58 /* Resources */ = {
			isa = PBXResourcesBuildPhase;
			buildActionMask = 2147483647;
			files = (
			);
			runOnlyForDeploymentPostprocessing = 0;
		};
/* End PBXResourcesBuildPhase section */

/* Begin PBXSourcesBuildPhase section */
		F375DB8C1B22DDF0001DBE58 /* Sources */ = {
			isa = PBXSourcesBuildPhase;
			buildActionMask = 2147483647;
			files = (
				F375DB9C1B22DDF0001DBE58 /* ViewController.m in Sources */,
				F375DB991B22DDF0001DBE58 /* AppDelegate.m in Sources */,
				F375DB961B22DDF0001DBE58 /* main.m in Sources */,
			);
			runOnlyForDeploymentPostprocessing = 0;
		};
		F375DBA51B22DDF0001DBE58 /* Sources */ = {
			isa = PBXSourcesBuildPhase;
			buildActionMask = 2147483647;
			files = (
				F375DBB01B22DDF0001DBE58 /* GoodNightTests.m in Sources */,
			);
			runOnlyForDeploymentPostprocessing = 0;
		};
/* End PBXSourcesBuildPhase section */

/* Begin PBXTargetDependency section */
		F375DBAB1B22DDF0001DBE58 /* PBXTargetDependency */ = {
			isa = PBXTargetDependency;
			target = F375DB8F1B22DDF0001DBE58 /* GoodNight */;
			targetProxy = F375DBAA1B22DDF0001DBE58 /* PBXContainerItemProxy */;
		};
/* End PBXTargetDependency section */

/* Begin PBXVariantGroup section */
		F375DB9D1B22DDF0001DBE58 /* Main.storyboard */ = {
			isa = PBXVariantGroup;
			children = (
				F375DB9E1B22DDF0001DBE58 /* Base */,
			);
			name = Main.storyboard;
			sourceTree = "<group>";
		};
		F375DBA21B22DDF0001DBE58 /* LaunchScreen.xib */ = {
			isa = PBXVariantGroup;
			children = (
				F375DBA31B22DDF0001DBE58 /* Base */,
			);
			name = LaunchScreen.xib;
			sourceTree = "<group>";
		};
/* End PBXVariantGroup section */

/* Begin XCBuildConfiguration section */
		F375DBB11B22DDF0001DBE58 /* Debug */ = {
			isa = XCBuildConfiguration;
			buildSettings = {
				ALWAYS_SEARCH_USER_PATHS = NO;
				CLANG_CXX_LANGUAGE_STANDARD = "gnu++0x";
				CLANG_CXX_LIBRARY = "libc++";
				CLANG_ENABLE_MODULES = YES;
				CLANG_ENABLE_OBJC_ARC = YES;
				CLANG_WARN_BOOL_CONVERSION = YES;
				CLANG_WARN_CONSTANT_CONVERSION = YES;
				CLANG_WARN_DIRECT_OBJC_ISA_USAGE = YES_ERROR;
				CLANG_WARN_EMPTY_BODY = YES;
				CLANG_WARN_ENUM_CONVERSION = YES;
				CLANG_WARN_INT_CONVERSION = YES;
				CLANG_WARN_OBJC_ROOT_CLASS = YES_ERROR;
				CLANG_WARN_UNREACHABLE_CODE = YES;
				CLANG_WARN__DUPLICATE_METHOD_MATCH = YES;
				"CODE_SIGN_IDENTITY[sdk=iphoneos*]" = "iPhone Developer";
				COPY_PHASE_STRIP = NO;
				DEBUG_INFORMATION_FORMAT = "dwarf-with-dsym";
				ENABLE_STRICT_OBJC_MSGSEND = YES;
				GCC_C_LANGUAGE_STANDARD = gnu99;
				GCC_DYNAMIC_NO_PIC = NO;
				GCC_NO_COMMON_BLOCKS = YES;
				GCC_OPTIMIZATION_LEVEL = 0;
				GCC_PREPROCESSOR_DEFINITIONS = (
					"DEBUG=1",
					"$(inherited)",
				);
				GCC_SYMBOLS_PRIVATE_EXTERN = NO;
				GCC_WARN_64_TO_32_BIT_CONVERSION = YES;
				GCC_WARN_ABOUT_RETURN_TYPE = YES_ERROR;
				GCC_WARN_UNDECLARED_SELECTOR = YES;
				GCC_WARN_UNINITIALIZED_AUTOS = YES_AGGRESSIVE;
				GCC_WARN_UNUSED_FUNCTION = YES;
				GCC_WARN_UNUSED_VARIABLE = YES;
				IPHONEOS_DEPLOYMENT_TARGET = 8.3;
				MTL_ENABLE_DEBUG_INFO = YES;
				ONLY_ACTIVE_ARCH = YES;
				SDKROOT = iphoneos;
			};
			name = Debug;
		};
		F375DBB21B22DDF0001DBE58 /* Release */ = {
			isa = XCBuildConfiguration;
			buildSettings = {
				ALWAYS_SEARCH_USER_PATHS = NO;
				CLANG_CXX_LANGUAGE_STANDARD = "gnu++0x";
				CLANG_CXX_LIBRARY = "libc++";
				CLANG_ENABLE_MODULES = YES;
				CLANG_ENABLE_OBJC_ARC = YES;
				CLANG_WARN_BOOL_CONVERSION = YES;
				CLANG_WARN_CONSTANT_CONVERSION = YES;
				CLANG_WARN_DIRECT_OBJC_ISA_USAGE = YES_ERROR;
				CLANG_WARN_EMPTY_BODY = YES;
				CLANG_WARN_ENUM_CONVERSION = YES;
				CLANG_WARN_INT_CONVERSION = YES;
				CLANG_WARN_OBJC_ROOT_CLASS = YES_ERROR;
				CLANG_WARN_UNREACHABLE_CODE = YES;
				CLANG_WARN__DUPLICATE_METHOD_MATCH = YES;
				"CODE_SIGN_IDENTITY[sdk=iphoneos*]" = "iPhone Developer";
				COPY_PHASE_STRIP = NO;
				DEBUG_INFORMATION_FORMAT = "dwarf-with-dsym";
				ENABLE_NS_ASSERTIONS = NO;
				ENABLE_STRICT_OBJC_MSGSEND = YES;
				GCC_C_LANGUAGE_STANDARD = gnu99;
				GCC_NO_COMMON_BLOCKS = YES;
				GCC_WARN_64_TO_32_BIT_CONVERSION = YES;
				GCC_WARN_ABOUT_RETURN_TYPE = YES_ERROR;
				GCC_WARN_UNDECLARED_SELECTOR = YES;
				GCC_WARN_UNINITIALIZED_AUTOS = YES_AGGRESSIVE;
				GCC_WARN_UNUSED_FUNCTION = YES;
				GCC_WARN_UNUSED_VARIABLE = YES;
				IPHONEOS_DEPLOYMENT_TARGET = 8.3;
				MTL_ENABLE_DEBUG_INFO = NO;
				SDKROOT = iphoneos;
				VALIDATE_PRODUCT = YES;
			};
			name = Release;
		};
		F375DBB41B22DDF0001DBE58 /* Debug */ = {
			isa = XCBuildConfiguration;
			buildSettings = {
				ASSETCATALOG_COMPILER_APPICON_NAME = AppIcon;
				INFOPLIST_FILE = GoodNight/Info.plist;
				LD_RUNPATH_SEARCH_PATHS = "$(inherited) @executable_path/Frameworks";
				PRODUCT_NAME = "$(TARGET_NAME)";
			};
			name = Debug;
		};
		F375DBB51B22DDF0001DBE58 /* Release */ = {
			isa = XCBuildConfiguration;
			buildSettings = {
				ASSETCATALOG_COMPILER_APPICON_NAME = AppIcon;
				INFOPLIST_FILE = GoodNight/Info.plist;
				LD_RUNPATH_SEARCH_PATHS = "$(inherited) @executable_path/Frameworks";
				PRODUCT_NAME = "$(TARGET_NAME)";
			};
			name = Release;
		};
		F375DBB71B22DDF0001DBE58 /* Debug */ = {
			isa = XCBuildConfiguration;
			buildSettings = {
				BUNDLE_LOADER = "$(TEST_HOST)";
				FRAMEWORK_SEARCH_PATHS = (
					"$(SDKROOT)/Developer/Library/Frameworks",
					"$(inherited)",
				);
				GCC_PREPROCESSOR_DEFINITIONS = (
					"DEBUG=1",
					"$(inherited)",
				);
				INFOPLIST_FILE = GoodNightTests/Info.plist;
				LD_RUNPATH_SEARCH_PATHS = "$(inherited) @executable_path/Frameworks @loader_path/Frameworks";
				PRODUCT_NAME = "$(TARGET_NAME)";
				TEST_HOST = "$(BUILT_PRODUCTS_DIR)/GoodNight.app/GoodNight";
			};
			name = Debug;
		};
		F375DBB81B22DDF0001DBE58 /* Release */ = {
			isa = XCBuildConfiguration;
			buildSettings = {
				BUNDLE_LOADER = "$(TEST_HOST)";
				FRAMEWORK_SEARCH_PATHS = (
					"$(SDKROOT)/Developer/Library/Frameworks",
					"$(inherited)",
				);
				INFOPLIST_FILE = GoodNightTests/Info.plist;
				LD_RUNPATH_SEARCH_PATHS = "$(inherited) @executable_path/Frameworks @loader_path/Frameworks";
				PRODUCT_NAME = "$(TARGET_NAME)";
				TEST_HOST = "$(BUILT_PRODUCTS_DIR)/GoodNight.app/GoodNight";
			};
			name = Release;
		};
/* End XCBuildConfiguration section */

/* Begin XCConfigurationList section */
		F375DB8B1B22DDF0001DBE58 /* Build configuration list for PBXProject "GoodNight" */ = {
			isa = XCConfigurationList;
			buildConfigurations = (
				F375DBB11B22DDF0001DBE58 /* Debug */,
				F375DBB21B22DDF0001DBE58 /* Release */,
			);
			defaultConfigurationIsVisible = 0;
			defaultConfigurationName = Release;
		};
		F375DBB31B22DDF0001DBE58 /* Build configuration list for PBXNativeTarget "GoodNight" */ = {
			isa = XCConfigurationList;
			buildConfigurations = (
				F375DBB41B22DDF0001DBE58 /* Debug */,
				F375DBB51B22DDF0001DBE58 /* Release */,
			);
			defaultConfigurationIsVisible = 0;
		};
		F375DBB61B22DDF0001DBE58 /* Build configuration list for PBXNativeTarget "GoodNightTests" */ = {
			isa = XCConfigurationList;
			buildConfigurations = (
				F375DBB71B22DDF0001DBE58 /* Debug */,
				F375DBB81B22DDF0001DBE58 /* Release */,
			);
			defaultConfigurationIsVisible = 0;
		};
/* End XCConfigurationList section */
	};
	rootObject = F375DB881B22DDF0001DBE58 /* Project object */;
}
